
Microsoft Visual Studio Solution File, Format Version 12.00
# Visual Studio Version 16
VisualStudioVersion = 16.0.34729.46
MinimumVisualStudioVersion = 10.0.40219.1
Project("{FAE04EC0-301F-11D3-BF4B-00C04F79EFBC}") = "MVC_CHANGE_PASSWORD", "MVC_CHANGE_PASSWORD\MVC_CHANGE_PASSWORD.csproj", "{4E2FE2AC-C62C-4CE4-AC41-60936FE88F31}"
EndProject
Global
	GlobalSection(SolutionConfigurationPlatforms) = preSolution
		Debug|Any CPU = Debug|Any CPU
		Release|Any CPU = Release|Any CPU
	EndGlobalSection
	GlobalSection(ProjectConfigurationPlatforms) = postSolution
		{4E2FE2AC-C62C-4CE4-AC41-60936FE88F31}.Debug|Any CPU.ActiveCfg = Debug|Any CPU
		{4E2FE2AC-C62C-4CE4-AC41-60936FE88F31}.Debug|Any CPU.Build.0 = Debug|Any CPU
		{4E2FE2AC-C62C-4CE4-AC41-60936FE88F31}.Release|Any CPU.ActiveCfg = Release|Any CPU
		{4E2FE2AC-C62C-4CE4-AC41-60936FE88F31}.Release|Any CPU.Build.0 = Release|Any CPU
	EndGlobalSection
	GlobalSection(SolutionProperties) = preSolution
		HideSolutionNode = FALSE
	EndGlobalSection
	GlobalSection(ExtensibilityGlobals) = postSolution
		SolutionGuid = {2E23DB84-A121-48D0-B50D-CD485E6A2961}
	EndGlobalSection
EndGlobal
